
Microsoft Visual Studio Solution File, Format Version 12.00
# Visual Studio 15
VisualStudioVersion = 15.0.27703.2047
MinimumVisualStudioVersion = 10.0.40219.1
Project("{FAE04EC0-301F-11D3-BF4B-00C04F79EFBC}") = "ClashSharp", "ClashSharp\ClashSharp.csproj", "{B4AE9CEC-172B-4E62-B5A3-71C35A52FE60}"
EndProject
Global
	GlobalSection(SolutionConfigurationPlatforms) = preSolution
		Debug|Any CPU = Debug|Any CPU
		Release|Any CPU = Release|Any CPU
	EndGlobalSection
	GlobalSection(ProjectConfigurationPlatforms) = postSolution
		{B4AE9CEC-172B-4E62-B5A3-71C35A52FE60}.Debug|Any CPU.ActiveCfg = Debug|Any CPU
		{B4AE9CEC-172B-4E62-B5A3-71C35A52FE60}.Debug|Any CPU.Build.0 = Debug|Any CPU
		{B4AE9CEC-172B-4E62-B5A3-71C35A52FE60}.Release|Any CPU.ActiveCfg = Release|Any CPU
		{B4AE9CEC-172B-4E62-B5A3-71C35A52FE60}.Release|Any CPU.Build.0 = Release|Any CPU
	EndGlobalSection
	GlobalSection(SolutionProperties) = preSolution
		HideSolutionNode = FALSE
	EndGlobalSection
	GlobalSection(ExtensibilityGlobals) = postSolution
		SolutionGuid = {7FBE10B9-E11D-4DFA-8FEF-A88B66C240C5}
	EndGlobalSection
EndGlobal
